// !$*UTF8*$!
{
	archiveVersion = 1;
	classes = {
	};
	objectVersion = 46;
	objects = {

/* Begin PBXBuildFile section */
		635CB89A1A1D3AA80066AE22 /* AppDelegate.swift in Sources */ = {isa = PBXBuildFile; fileRef = 635CB8991A1D3AA80066AE22 /* AppDelegate.swift */; };
		635CB89C1A1D3AA80066AE22 /* ViewController.swift in Sources */ = {isa = PBXBuildFile; fileRef = 635CB89B1A1D3AA80066AE22 /* ViewController.swift */; };
		635CB89F1A1D3AA80066AE22 /* Main.storyboard in Resources */ = {isa = PBXBuildFile; fileRef = 635CB89D1A1D3AA80066AE22 /* Main.storyboard */; };
		635CB8A11A1D3AA80066AE22 /* Images.xcassets in Resources */ = {isa = PBXBuildFile; fileRef = 635CB8A01A1D3AA80066AE22 /* Images.xcassets */; };
		635CB8A41A1D3AA80066AE22 /* LaunchScreen.xib in Resources */ = {isa = PBXBuildFile; fileRef = 635CB8A21A1D3AA80066AE22 /* LaunchScreen.xib */; };
		635CB8B01A1D3AA80066AE22 /* PruebaTests.swift in Sources */ = {isa = PBXBuildFile; fileRef = 635CB8AF1A1D3AA80066AE22 /* PruebaTests.swift */; };
		635CB8BA1A1D3DD10066AE22 /* AnotherClass.swift in Sources */ = {isa = PBXBuildFile; fileRef = 635CB8B91A1D3DD10066AE22 /* AnotherClass.swift */; };
/* End PBXBuildFile section */

/* Begin PBXContainerItemProxy section */
		635CB8AA1A1D3AA80066AE22 /* PBXContainerItemProxy */ = {
			isa = PBXContainerItemProxy;
			containerPortal = 635CB88C1A1D3AA80066AE22 /* Project object */;
			proxyType = 1;
			remoteGlobalIDString = 635CB8931A1D3AA80066AE22;
			remoteInfo = Prueba;
		};
/* End PBXContainerItemProxy section */

/* Begin PBXFileReference section */
		635CB8941A1D3AA80066AE22 /* Prueba.app */ = {isa = PBXFileReference; explicitFileType = wrapper.application; includeInIndex = 0; path = Prueba.app; sourceTree = BUILT_PRODUCTS_DIR; };
		635CB8981A1D3AA80066AE22 /* Info.plist */ = {isa = PBXFileReference; lastKnownFileType = text.plist.xml; path = Info.plist; sourceTree = "<group>"; };
		635CB8991A1D3AA80066AE22 /* AppDelegate.swift */ = {isa = PBXFileReference; lastKnownFileType = sourcecode.swift; path = AppDelegate.swift; sourceTree = "<group>"; };
		635CB89B1A1D3AA80066AE22 /* ViewController.swift */ = {isa = PBXFileReference; lastKnownFileType = sourcecode.swift; path = ViewController.swift; sourceTree = "<group>"; };
		635CB89E1A1D3AA80066AE22 /* Base */ = {isa = PBXFileReference; lastKnownFileType = file.storyboard; name = Base; path = Base.lproj/Main.storyboard; sourceTree = "<group>"; };
		635CB8A01A1D3AA80066AE22 /* Images.xcassets */ = {isa = PBXFileReference; lastKnownFileType = folder.assetcatalog; path = Images.xcassets; sourceTree = "<group>"; };
		635CB8A31A1D3AA80066AE22 /* Base */ = {isa = PBXFileReference; lastKnownFileType = file.xib; name = Base; path = Base.lproj/LaunchScreen.xib; sourceTree = "<group>"; };
		635CB8A91A1D3AA80066AE22 /* PruebaTests.xctest */ = {isa = PBXFileReference; explicitFileType = wrapper.cfbundle; includeInIndex = 0; path = PruebaTests.xctest; sourceTree = BUILT_PRODUCTS_DIR; };
		635CB8AE1A1D3AA80066AE22 /* Info.plist */ = {isa = PBXFileReference; lastKnownFileType = text.plist.xml; path = Info.plist; sourceTree = "<group>"; };
		635CB8AF1A1D3AA80066AE22 /* PruebaTests.swift */ = {isa = PBXFileReference; lastKnownFileType = sourcecode.swift; path = PruebaTests.swift; sourceTree = "<group>"; };
		635CB8B91A1D3DD10066AE22 /* AnotherClass.swift */ = {isa = PBXFileReference; fileEncoding = 4; lastKnownFileType = sourcecode.swift; path = AnotherClass.swift; sourceTree = "<group>"; };
/* End PBXFileReference section */

/* Begin PBXFrameworksBuildPhase section */
		635CB8911A1D3AA80066AE22 /* Frameworks */ = {
			isa = PBXFrameworksBuildPhase;
			buildActionMask = 2147483647;
			files = (
			);
			runOnlyForDeploymentPostprocessing = 0;
		};
		635CB8A61A1D3AA80066AE22 /* Frameworks */ = {
			isa = PBXFrameworksBuildPhase;
			buildActionMask = 2147483647;
			files = (
			);
			runOnlyForDeploymentPostprocessing = 0;
		};
/* End PBXFrameworksBuildPhase section */

/* Begin PBXGroup section */
		635CB88B1A1D3AA80066AE22 = {
			isa = PBXGroup;
			children = (
				635CB8961A1D3AA80066AE22 /* Prueba */,
				635CB8AC1A1D3AA80066AE22 /* PruebaTests */,
				635CB8951A1D3AA80066AE22 /* Products */,
			);
			sourceTree = "<group>";
		};
		635CB8951A1D3AA80066AE22 /* Products */ = {
			isa = PBXGroup;
			children = (
				635CB8941A1D3AA80066AE22 /* Prueba.app */,
				635CB8A91A1D3AA80066AE22 /* PruebaTests.xctest */,
			);
			name = Products;
			sourceTree = "<group>";
		};
		635CB8961A1D3AA80066AE22 /* Prueba */ = {
			isa = PBXGroup;
			children = (
				635CB8991A1D3AA80066AE22 /* AppDelegate.swift */,
				635CB89B1A1D3AA80066AE22 /* ViewController.swift */,
				635CB89D1A1D3AA80066AE22 /* Main.storyboard */,
				635CB8A01A1D3AA80066AE22 /* Images.xcassets */,
				635CB8A21A1D3AA80066AE22 /* LaunchScreen.xib */,
				635CB8971A1D3AA80066AE22 /* Supporting Files */,
				635CB8B91A1D3DD10066AE22 /* AnotherClass.swift */,
			);
			path = Prueba;
			sourceTree = "<group>";
		};
		635CB8971A1D3AA80066AE22 /* Supporting Files */ = {
			isa = PBXGroup;
			children = (
				635CB8981A1D3AA80066AE22 /* Info.plist */,
			);
			name = "Supporting Files";
			sourceTree = "<group>";
		};
		635CB8AC1A1D3AA80066AE22 /* PruebaTests */ = {
			isa = PBXGroup;
			children = (
				635CB8AF1A1D3AA80066AE22 /* PruebaTests.swift */,
				635CB8AD1A1D3AA80066AE22 /* Supporting Files */,
			);
			path = PruebaTests;
			sourceTree = "<group>";
		};
		635CB8AD1A1D3AA80066AE22 /* Supporting Files */ = {
			isa = PBXGroup;
			children = (
				635CB8AE1A1D3AA80066AE22 /* Info.plist */,
			);
			name = "Supporting Files";
			sourceTree = "<group>";
		};
/* End PBXGroup section */

/* Begin PBXNativeTarget section */
		635CB8931A1D3AA80066AE22 /* Prueba */ = {
			isa = PBXNativeTarget;
			buildConfigurationList = 635CB8B31A1D3AA80066AE22 /* Build configuration list for PBXNativeTarget "Prueba" */;
			buildPhases = (
				635CB8901A1D3AA80066AE22 /* Sources */,
				635CB8911A1D3AA80066AE22 /* Frameworks */,
				635CB8921A1D3AA80066AE22 /* Resources */,
			);
			buildRules = (
			);
			dependencies = (
			);
			name = Prueba;
			productName = Prueba;
			productReference = 635CB8941A1D3AA80066AE22 /* Prueba.app */;
			productType = "com.apple.product-type.application";
		};
		635CB8A81A1D3AA80066AE22 /* PruebaTests */ = {
			isa = PBXNativeTarget;
			buildConfigurationList = 635CB8B61A1D3AA80066AE22 /* Build configuration list for PBXNativeTarget "PruebaTests" */;
			buildPhases = (
				635CB8A51A1D3AA80066AE22 /* Sources */,
				635CB8A61A1D3AA80066AE22 /* Frameworks */,
				635CB8A71A1D3AA80066AE22 /* Resources */,
			);
			buildRules = (
			);
			dependencies = (
				635CB8AB1A1D3AA80066AE22 /* PBXTargetDependency */,
			);
			name = PruebaTests;
			productName = PruebaTests;
			productReference = 635CB8A91A1D3AA80066AE22 /* PruebaTests.xctest */;
			productType = "com.apple.product-type.bundle.unit-test";
		};
/* End PBXNativeTarget section */

/* Begin PBXProject section */
		635CB88C1A1D3AA80066AE22 /* Project object */ = {
			isa = PBXProject;
			attributes = {
				LastUpgradeCheck = 0610;
				ORGANIZATIONNAME = "David Ortiz Fuentes";
				TargetAttributes = {
					635CB8931A1D3AA80066AE22 = {
						CreatedOnToolsVersion = 6.1;
					};
					635CB8A81A1D3AA80066AE22 = {
						CreatedOnToolsVersion = 6.1;
						TestTargetID = 635CB8931A1D3AA80066AE22;
					};
				};
			};
			buildConfigurationList = 635CB88F1A1D3AA80066AE22 /* Build configuration list for PBXProject "Prueba" */;
			compatibilityVersion = "Xcode 3.2";
			developmentRegion = English;
			hasScannedForEncodings = 0;
			knownRegions = (
				en,
				Base,
			);
			mainGroup = 635CB88B1A1D3AA80066AE22;
			productRefGroup = 635CB8951A1D3AA80066AE22 /* Products */;
			projectDirPath = "";
			projectRoot = "";
			targets = (
				635CB8931A1D3AA80066AE22 /* Prueba */,
				635CB8A81A1D3AA80066AE22 /* PruebaTests */,
			);
		};
/* End PBXProject section */

/* Begin PBXResourcesBuildPhase section */
		635CB8921A1D3AA80066AE22 /* Resources */ = {
			isa = PBXResourcesBuildPhase;
			buildActionMask = 2147483647;
			files = (
				635CB89F1A1D3AA80066AE22 /* Main.storyboard in Resources */,
				635CB8A41A1D3AA80066AE22 /* LaunchScreen.xib in Resources */,
				635CB8A11A1D3AA80066AE22 /* Images.xcassets in Resources */,
			);
			runOnlyForDeploymentPostprocessing = 0;
		};
		635CB8A71A1D3AA80066AE22 /* Resources */ = {
			isa = PBXResourcesBuildPhase;
			buildActionMask = 2147483647;
			files = (
			);
			runOnlyForDeploymentPostprocessing = 0;
		};
/* End PBXResourcesBuildPhase section */

/* Begin PBXSourcesBuildPhase section */
		635CB8901A1D3AA80066AE22 /* Sources */ = {
			isa = PBXSourcesBuildPhase;
			buildActionMask = 2147483647;
			files = (
				635CB89C1A1D3AA80066AE22 /* ViewController.swift in Sources */,
				635CB89A1A1D3AA80066AE22 /* AppDelegate.swift in Sources */,
				635CB8BA1A1D3DD10066AE22 /* AnotherClass.swift in Sources */,
			);
			runOnlyForDeploymentPostprocessing = 0;
		};
		635CB8A51A1D3AA80066AE22 /* Sources */ = {
			isa = PBXSourcesBuildPhase;
			buildActionMask = 2147483647;
			files = (
				635CB8B01A1D3AA80066AE22 /* PruebaTests.swift in Sources */,
			);
			runOnlyForDeploymentPostprocessing = 0;
		};
/* End PBXSourcesBuildPhase section */

/* Begin PBXTargetDependency section */
		635CB8AB1A1D3AA80066AE22 /* PBXTargetDependency */ = {
			isa = PBXTargetDependency;
			target = 635CB8931A1D3AA80066AE22 /* Prueba */;
			targetProxy = 635CB8AA1A1D3AA80066AE22 /* PBXContainerItemProxy */;
		};
/* End PBXTargetDependency section */

/* Begin PBXVariantGroup section */
		635CB89D1A1D3AA80066AE22 /* Main.storyboard */ = {
			isa = PBXVariantGroup;
			children = (
				635CB89E1A1D3AA80066AE22 /* Base */,
			);
			name = Main.storyboard;
			sourceTree = "<group>";
		};
		635CB8A21A1D3AA80066AE22 /* LaunchScreen.xib */ = {
			isa = PBXVariantGroup;
			children = (
				635CB8A31A1D3AA80066AE22 /* Base */,
			);
			name = LaunchScreen.xib;
			sourceTree = "<group>";
		};
/* End PBXVariantGroup section */

/* Begin XCBuildConfiguration section */
		635CB8B11A1D3AA80066AE22 /* Debug */ = {
			isa = XCBuildConfiguration;
			buildSettings = {
				ALWAYS_SEARCH_USER_PATHS = NO;
				CLANG_CXX_LANGUAGE_STANDARD = "gnu++0x";
				CLANG_CXX_LIBRARY = "libc++";
				CLANG_ENABLE_MODULES = YES;
				CLANG_ENABLE_OBJC_ARC = YES;
				CLANG_WARN_BOOL_CONVERSION = YES;
				CLANG_WARN_CONSTANT_CONVERSION = YES;
				CLANG_WARN_DIRECT_OBJC_ISA_USAGE = YES_ERROR;
				CLANG_WARN_EMPTY_BODY = YES;
				CLANG_WARN_ENUM_CONVERSION = YES;
				CLANG_WARN_INT_CONVERSION = YES;
				CLANG_WARN_OBJC_ROOT_CLASS = YES_ERROR;
				CLANG_WARN_UNREACHABLE_CODE = YES;
				CLANG_WARN__DUPLICATE_METHOD_MATCH = YES;
				"CODE_SIGN_IDENTITY[sdk=iphoneos*]" = "iPhone Developer";
				COPY_PHASE_STRIP = NO;
				ENABLE_STRICT_OBJC_MSGSEND = YES;
				GCC_C_LANGUAGE_STANDARD = gnu99;
				GCC_DYNAMIC_NO_PIC = NO;
				GCC_OPTIMIZATION_LEVEL = 0;
				GCC_PREPROCESSOR_DEFINITIONS = (
					"DEBUG=1",
					"$(inherited)",
				);
				GCC_SYMBOLS_PRIVATE_EXTERN = NO;
				GCC_WARN_64_TO_32_BIT_CONVERSION = YES;
				GCC_WARN_ABOUT_RETURN_TYPE = YES_ERROR;
				GCC_WARN_UNDECLARED_SELECTOR = YES;
				GCC_WARN_UNINITIALIZED_AUTOS = YES_AGGRESSIVE;
				GCC_WARN_UNUSED_FUNCTION = YES;
				GCC_WARN_UNUSED_VARIABLE = YES;
				IPHONEOS_DEPLOYMENT_TARGET = 8.1;
				MTL_ENABLE_DEBUG_INFO = YES;
				ONLY_ACTIVE_ARCH = YES;
				SDKROOT = iphoneos;
				SWIFT_OPTIMIZATION_LEVEL = "-Onone";
				TARGETED_DEVICE_FAMILY = "1,2";
			};
			name = Debug;
		};
		635CB8B21A1D3AA80066AE22 /* Release */ = {
			isa = XCBuildConfiguration;
			buildSettings = {
				ALWAYS_SEARCH_USER_PATHS = NO;
				CLANG_CXX_LANGUAGE_STANDARD = "gnu++0x";
				CLANG_CXX_LIBRARY = "libc++";
				CLANG_ENABLE_MODULES = YES;
				CLANG_ENABLE_OBJC_ARC = YES;
				CLANG_WARN_BOOL_CONVERSION = YES;
				CLANG_WARN_CONSTANT_CONVERSION = YES;
				CLANG_WARN_DIRECT_OBJC_ISA_USAGE = YES_ERROR;
				CLANG_WARN_EMPTY_BODY = YES;
				CLANG_WARN_ENUM_CONVERSION = YES;
				CLANG_WARN_INT_CONVERSION = YES;
				CLANG_WARN_OBJC_ROOT_CLASS = YES_ERROR;
				CLANG_WARN_UNREACHABLE_CODE = YES;
				CLANG_WARN__DUPLICATE_METHOD_MATCH = YES;
				"CODE_SIGN_IDENTITY[sdk=iphoneos*]" = "iPhone Developer";
				COPY_PHASE_STRIP = YES;
				ENABLE_NS_ASSERTIONS = NO;
				ENABLE_STRICT_OBJC_MSGSEND = YES;
				GCC_C_LANGUAGE_STANDARD = gnu99;
				GCC_WARN_64_TO_32_BIT_CONVERSION = YES;
				GCC_WARN_ABOUT_RETURN_TYPE = YES_ERROR;
				GCC_WARN_UNDECLARED_SELECTOR = YES;
				GCC_WARN_UNINITIALIZED_AUTOS = YES_AGGRESSIVE;
				GCC_WARN_UNUSED_FUNCTION = YES;
				GCC_WARN_UNUSED_VARIABLE = YES;
				IPHONEOS_DEPLOYMENT_TARGET = 8.1;
				MTL_ENABLE_DEBUG_INFO = NO;
				SDKROOT = iphoneos;
				TARGETED_DEVICE_FAMILY = "1,2";
				VALIDATE_PRODUCT = YES;
			};
			name = Release;
		};
		635CB8B41A1D3AA80066AE22 /* Debug */ = {
			isa = XCBuildConfiguration;
			buildSettings = {
				ASSETCATALOG_COMPILER_APPICON_NAME = AppIcon;
				INFOPLIST_FILE = Prueba/Info.plist;
				LD_RUNPATH_SEARCH_PATHS = "$(inherited) @executable_path/Frameworks";
				PRODUCT_NAME = "$(TARGET_NAME)";
			};
			name = Debug;
		};
		635CB8B51A1D3AA80066AE22 /* Release */ = {
			isa = XCBuildConfiguration;
			buildSettings = {
				ASSETCATALOG_COMPILER_APPICON_NAME = AppIcon;
				INFOPLIST_FILE = Prueba/Info.plist;
				LD_RUNPATH_SEARCH_PATHS = "$(inherited) @executable_path/Frameworks";
				PRODUCT_NAME = "$(TARGET_NAME)";
			};
			name = Release;
		};
		635CB8B71A1D3AA80066AE22 /* Debug */ = {
			isa = XCBuildConfiguration;
			buildSettings = {
				BUNDLE_LOADER = "$(TEST_HOST)";
				FRAMEWORK_SEARCH_PATHS = (
					"$(SDKROOT)/Developer/Library/Frameworks",
					"$(inherited)",
				);
				GCC_PREPROCESSOR_DEFINITIONS = (
					"DEBUG=1",
					"$(inherited)",
				);
				INFOPLIST_FILE = PruebaTests/Info.plist;
				LD_RUNPATH_SEARCH_PATHS = "$(inherited) @executable_path/Frameworks @loader_path/Frameworks";
				PRODUCT_NAME = "$(TARGET_NAME)";
				TEST_HOST = "$(BUILT_PRODUCTS_DIR)/Prueba.app/Prueba";
			};
			name = Debug;
		};
		635CB8B81A1D3AA80066AE22 /* Release */ = {
			isa = XCBuildConfiguration;
			buildSettings = {
				BUNDLE_LOADER = "$(TEST_HOST)";
				FRAMEWORK_SEARCH_PATHS = (
					"$(SDKROOT)/Developer/Library/Frameworks",
					"$(inherited)",
				);
				INFOPLIST_FILE = PruebaTests/Info.plist;
				LD_RUNPATH_SEARCH_PATHS = "$(inherited) @executable_path/Frameworks @loader_path/Frameworks";
				PRODUCT_NAME = "$(TARGET_NAME)";
				TEST_HOST = "$(BUILT_PRODUCTS_DIR)/Prueba.app/Prueba";
			};
			name = Release;
		};
/* End XCBuildConfiguration section */

/* Begin XCConfigurationList section */
		635CB88F1A1D3AA80066AE22 /* Build configuration list for PBXProject "Prueba" */ = {
			isa = XCConfigurationList;
			buildConfigurations = (
				635CB8B11A1D3AA80066AE22 /* Debug */,
				635CB8B21A1D3AA80066AE22 /* Release */,
			);
			defaultConfigurationIsVisible = 0;
			defaultConfigurationName = Release;
		};
		635CB8B31A1D3AA80066AE22 /* Build configuration list for PBXNativeTarget "Prueba" */ = {
			isa = XCConfigurationList;
			buildConfigurations = (
				635CB8B41A1D3AA80066AE22 /* Debug */,
				635CB8B51A1D3AA80066AE22 /* Release */,
			);
			defaultConfigurationIsVisible = 0;
		};
		635CB8B61A1D3AA80066AE22 /* Build configuration list for PBXNativeTarget "PruebaTests" */ = {
			isa = XCConfigurationList;
			buildConfigurations = (
				635CB8B71A1D3AA80066AE22 /* Debug */,
				635CB8B81A1D3AA80066AE22 /* Release */,
			);
			defaultConfigurationIsVisible = 0;
		};
/* End XCConfigurationList section */
	};
	rootObject = 635CB88C1A1D3AA80066AE22 /* Project object */;
}
